
Microsoft Visual Studio Solution File, Format Version 12.00
# Visual Studio 15
VisualStudioVersion = 15.0.26430.16
MinimumVisualStudioVersion = 10.0.40219.1
Project("{9A19103F-16F7-4668-BE54-9A1E7A4F7556}") = "DNX.ProductDetail.API", "DNX.ProductDetail.API\DNX.ProductDetail.API.csproj", "{AC9E3C97-D12C-448A-99DB-9FAFF1E99C85}"
EndProject
Project("{E53339B2-1760-4266-BCC7-CA923CBCF16C}") = "docker-compose", "docker-compose.dcproj", "{E89C4EE9-5FED-402A-A990-61D966CC2DD2}"
EndProject
Project("{FAE04EC0-301F-11D3-BF4B-00C04F79EFBC}") = "DNX.Identity", "DNX.Identity\DNX.Identity.csproj", "{825B12BD-D817-4DBB-AAC1-FFBDE04DD24D}"
EndProject
Project("{9A19103F-16F7-4668-BE54-9A1E7A4F7556}") = "DNX.WebSPA", "DNX.WebSPA\DNX.WebSPA.csproj", "{FFCE2CA0-0300-4921-B501-287E64E4ED60}"
EndProject
Global
	GlobalSection(SolutionConfigurationPlatforms) = preSolution
		Debug|Any CPU = Debug|Any CPU
		Release|Any CPU = Release|Any CPU
	EndGlobalSection
	GlobalSection(ProjectConfigurationPlatforms) = postSolution
		{AC9E3C97-D12C-448A-99DB-9FAFF1E99C85}.Debug|Any CPU.ActiveCfg = Debug|Any CPU
		{AC9E3C97-D12C-448A-99DB-9FAFF1E99C85}.Debug|Any CPU.Build.0 = Debug|Any CPU
		{AC9E3C97-D12C-448A-99DB-9FAFF1E99C85}.Release|Any CPU.ActiveCfg = Release|Any CPU
		{AC9E3C97-D12C-448A-99DB-9FAFF1E99C85}.Release|Any CPU.Build.0 = Release|Any CPU
		{E89C4EE9-5FED-402A-A990-61D966CC2DD2}.Debug|Any CPU.ActiveCfg = Debug|Any CPU
		{E89C4EE9-5FED-402A-A990-61D966CC2DD2}.Debug|Any CPU.Build.0 = Debug|Any CPU
		{E89C4EE9-5FED-402A-A990-61D966CC2DD2}.Release|Any CPU.ActiveCfg = Release|Any CPU
		{E89C4EE9-5FED-402A-A990-61D966CC2DD2}.Release|Any CPU.Build.0 = Release|Any CPU
		{825B12BD-D817-4DBB-AAC1-FFBDE04DD24D}.Debug|Any CPU.ActiveCfg = Debug|Any CPU
		{825B12BD-D817-4DBB-AAC1-FFBDE04DD24D}.Debug|Any CPU.Build.0 = Debug|Any CPU
		{825B12BD-D817-4DBB-AAC1-FFBDE04DD24D}.Release|Any CPU.ActiveCfg = Release|Any CPU
		{825B12BD-D817-4DBB-AAC1-FFBDE04DD24D}.Release|Any CPU.Build.0 = Release|Any CPU
		{FFCE2CA0-0300-4921-B501-287E64E4ED60}.Debug|Any CPU.ActiveCfg = Debug|Any CPU
		{FFCE2CA0-0300-4921-B501-287E64E4ED60}.Debug|Any CPU.Build.0 = Debug|Any CPU
		{FFCE2CA0-0300-4921-B501-287E64E4ED60}.Release|Any CPU.ActiveCfg = Release|Any CPU
		{FFCE2CA0-0300-4921-B501-287E64E4ED60}.Release|Any CPU.Build.0 = Release|Any CPU
	EndGlobalSection
	GlobalSection(SolutionProperties) = preSolution
		HideSolutionNode = FALSE
	EndGlobalSection
EndGlobal
